hash: 1ca1ccabc86347d510e2266dfa70570914dbaac9083495667f6e88406e7e79f8
updated: 2017-09-27T16:44:57.828680686+02:00
imports:
- name: github.com/blang/semver
  version: 31b736133b98f26d5e078ec9eb591666edfd091f
- name: github.com/davecgh/go-spew
  version: 346938d642f2ec3594ed81d874461961cd0faa76
  subpackages:
  - spew
- name: github.com/docker/distribution
  version: 12acdf0a6c1e56d965ac6eb395d2bce687bf22fc
  subpackages:
  - configuration
  - context
  - digest
  - health
  - health/checks
  - manifest
  - manifest/manifestlist
  - manifest/schema1
  - manifest/schema2
  - notifications
  - reference
  - registry/api/errcode
  - registry/api/v2
  - registry/auth
  - registry/auth/htpasswd
  - registry/auth/token
  - registry/client
  - registry/client/auth
  - registry/client/transport
  - registry/handlers
  - registry/middleware/registry
  - registry/middleware/repository
  - registry/proxy
  - registry/proxy/scheduler
  - registry/storage
  - registry/storage/cache
  - registry/storage/cache/memory
  - registry/storage/cache/redis
  - registry/storage/driver
  - registry/storage/driver/azure
  - registry/storage/driver/base
  - registry/storage/driver/factory
  - registry/storage/driver/filesystem
  - registry/storage/driver/gcs
  - registry/storage/driver/inmemory
  - registry/storage/driver/middleware
  - registry/storage/driver/middleware/cloudfront
  - registry/storage/driver/oss
  - registry/storage/driver/s3-aws
  - registry/storage/driver/swift
  - uuid
  - version
- name: github.com/docker/libtrust
  version: c54fbb67c1f1e68d7d6f8d2ad7c9360404616a41
- name: github.com/fsouza/go-dockerclient
  version: 3f9370a4738ba8d0ed6eea63582ca6db5eb48032
  subpackages:
  - external/github.com/Sirupsen/logrus
  - external/github.com/docker/docker/opts
  - external/github.com/docker/docker/pkg/archive
  - external/github.com/docker/docker/pkg/fileutils
  - external/github.com/docker/docker/pkg/homedir
  - external/github.com/docker/docker/pkg/idtools
  - external/github.com/docker/docker/pkg/ioutils
  - external/github.com/docker/docker/pkg/longpath
  - external/github.com/docker/docker/pkg/pools
  - external/github.com/docker/docker/pkg/promise
  - external/github.com/docker/docker/pkg/stdcopy
  - external/github.com/docker/docker/pkg/system
  - external/github.com/docker/go-units
  - external/github.com/hashicorp/go-cleanhttp
  - external/github.com/opencontainers/runc/libcontainer/user
  - external/golang.org/x/net/context
  - external/golang.org/x/sys/unix
- name: github.com/ghodss/yaml
  version: 0ca9ea5df5451ffdf184b4428c902747c2c11cd7
- name: github.com/gogo/protobuf
  version: e18d7aa8f8c624c915db340349aad4c49b10d173
  subpackages:
  - gogoproto
  - plugin/compare
  - plugin/defaultcheck
  - plugin/description
  - plugin/embedcheck
  - plugin/enumstringer
  - plugin/equal
  - plugin/face
  - plugin/gostring
  - plugin/marshalto
  - plugin/oneofcheck
  - plugin/populate
  - plugin/size
  - plugin/stringer
  - plugin/testgen
  - plugin/union
  - plugin/unmarshal
  - proto
  - protoc-gen-gogo/descriptor
  - protoc-gen-gogo/generator
  - protoc-gen-gogo/grpc
  - protoc-gen-gogo/plugin
  - sortkeys
  - vanity
  - vanity/command
- name: github.com/golang/glog
  version: 44145f04b68cf362d9c4df2182967c2275eaefed
- name: github.com/gorilla/context
  version: 215affda49addc4c8ef7e2534915df2c8c35c6cd
- name: github.com/gorilla/mux
  version: 8096f47503459bcc74d1f4c487b7e6e42e5746b5
- name: github.com/inconshreveable/mousetrap
  version: 76626ae9c91c4f2a10f34cad8ce83ea42c93bb75
- name: github.com/openshift/origin
  version: c4dd4cf368b6204571faacde702e624b930a5214
  subpackages:
  - pkg/api
  - pkg/api/extension
  - pkg/authorization/apis/authorization
  - pkg/build/apis/build
  - pkg/deploy/apis/apps
  - pkg/deploy/apis/apps/v1
  - pkg/image/apis/image
  - pkg/image/reference
  - pkg/oauth/apis/oauth
  - pkg/project/apis/project
  - pkg/route/apis/route
  - pkg/sdn/apis/network
  - pkg/security/apis/security
  - pkg/template/apis/template
  - pkg/user/apis/user
  - pkg/user/apis/user/validation
  - pkg/util/namer
- name: github.com/pkg/errors
  version: 645ef00459ed84a119197bfb8d8205042c6df63d
- name: github.com/Sirupsen/logrus
  version: a3f95b5c423586578a4e099b11a46c2479628cac
- name: github.com/spf13/cobra
  version: b78744579491c1ceeaaa3b40205e56b0591b93a3
- name: github.com/spf13/pflag
  version: e57e3eeb33f795204c1ca35f56c44f83227c6e66
- name: github.com/spf13/viper
  version: 7fb2782df3d83e0036cc89f461ed0422628776f4
- name: golang.org/x/net
  version: e90d6d0afc4c315a0d87a568ae68577cc15149a0
  subpackages:
  - context
  - context/ctxhttp
  - html
  - html/atom
  - http2
  - http2/hpack
  - idna
  - internal/timeseries
  - lex/httplex
  - proxy
  - trace
  - websocket
- name: golang.org/x/sys
  version: 314a259e304ff91bd6985da2a7149bbf91237993
  subpackages:
  - unix
- name: gopkg.in/yaml.v2
  version: eb3733d160e74a9c7e442f435eb3bea458e1d19f
testImports: []
